
Microsoft Visual Studio Solution File, Format Version 12.00
# Visual Studio 15
VisualStudioVersion = 15.0.26730.12
MinimumVisualStudioVersion = 10.0.40219.1
Project("{FAE04EC0-301F-11D3-BF4B-00C04F79EFBC}") = "Exemplo1", "Exemplo1\Exemplo1.csproj", "{FB3C303D-677F-4925-B773-F3729B43BD76}"
EndProject
Project("{FAE04EC0-301F-11D3-BF4B-00C04F79EFBC}") = "CarArray", "CarArray\CarArray.csproj", "{B8E35E8A-EB02-4894-98DC-9D825F019ACC}"
EndProject
Project("{FAE04EC0-301F-11D3-BF4B-00C04F79EFBC}") = "ExemploShort", "ExemploShort\ExemploShort.csproj", "{49D3EE33-112F-4268-B50B-15FC71109863}"
EndProject
Project("{FAE04EC0-301F-11D3-BF4B-00C04F79EFBC}") = "KeyboardReader", "KeyboardReader\KeyboardReader.csproj", "{A7F32842-819D-4712-80CB-FD36B1C46F79}"
EndProject
Project("{FAE04EC0-301F-11D3-BF4B-00C04F79EFBC}") = "AplicacaoFinanceira", "AplicacaoFinanceira\AplicacaoFinanceira.csproj", "{23103C84-9FCE-4DCE-953C-FF145051ECC8}"
EndProject
Global
	GlobalSection(SolutionConfigurationPlatforms) = preSolution
		Debug|Any CPU = Debug|Any CPU
		Release|Any CPU = Release|Any CPU
	EndGlobalSection
	GlobalSection(ProjectConfigurationPlatforms) = postSolution
		{FB3C303D-677F-4925-B773-F3729B43BD76}.Debug|Any CPU.ActiveCfg = Debug|Any CPU
		{FB3C303D-677F-4925-B773-F3729B43BD76}.Debug|Any CPU.Build.0 = Debug|Any CPU
		{FB3C303D-677F-4925-B773-F3729B43BD76}.Release|Any CPU.ActiveCfg = Release|Any CPU
		{FB3C303D-677F-4925-B773-F3729B43BD76}.Release|Any CPU.Build.0 = Release|Any CPU
		{B8E35E8A-EB02-4894-98DC-9D825F019ACC}.Debug|Any CPU.ActiveCfg = Debug|Any CPU
		{B8E35E8A-EB02-4894-98DC-9D825F019ACC}.Debug|Any CPU.Build.0 = Debug|Any CPU
		{B8E35E8A-EB02-4894-98DC-9D825F019ACC}.Release|Any CPU.ActiveCfg = Release|Any CPU
		{B8E35E8A-EB02-4894-98DC-9D825F019ACC}.Release|Any CPU.Build.0 = Release|Any CPU
		{49D3EE33-112F-4268-B50B-15FC71109863}.Debug|Any CPU.ActiveCfg = Debug|Any CPU
		{49D3EE33-112F-4268-B50B-15FC71109863}.Debug|Any CPU.Build.0 = Debug|Any CPU
		{49D3EE33-112F-4268-B50B-15FC71109863}.Release|Any CPU.ActiveCfg = Release|Any CPU
		{49D3EE33-112F-4268-B50B-15FC71109863}.Release|Any CPU.Build.0 = Release|Any CPU
		{A7F32842-819D-4712-80CB-FD36B1C46F79}.Debug|Any CPU.ActiveCfg = Debug|Any CPU
		{A7F32842-819D-4712-80CB-FD36B1C46F79}.Debug|Any CPU.Build.0 = Debug|Any CPU
		{A7F32842-819D-4712-80CB-FD36B1C46F79}.Release|Any CPU.ActiveCfg = Release|Any CPU
		{A7F32842-819D-4712-80CB-FD36B1C46F79}.Release|Any CPU.Build.0 = Release|Any CPU
		{23103C84-9FCE-4DCE-953C-FF145051ECC8}.Debug|Any CPU.ActiveCfg = Debug|Any CPU
		{23103C84-9FCE-4DCE-953C-FF145051ECC8}.Debug|Any CPU.Build.0 = Debug|Any CPU
		{23103C84-9FCE-4DCE-953C-FF145051ECC8}.Release|Any CPU.ActiveCfg = Release|Any CPU
		{23103C84-9FCE-4DCE-953C-FF145051ECC8}.Release|Any CPU.Build.0 = Release|Any CPU
	EndGlobalSection
	GlobalSection(SolutionProperties) = preSolution
		HideSolutionNode = FALSE
	EndGlobalSection
	GlobalSection(ExtensibilityGlobals) = postSolution
		SolutionGuid = {521E02F5-D2D3-4A6C-A452-AE384DEF7F23}
	EndGlobalSection
EndGlobal
