
Microsoft Visual Studio Solution File, Format Version 12.00
# Visual Studio 15
VisualStudioVersion = 15.0.26730.12
MinimumVisualStudioVersion = 10.0.40219.1
Project("{FAE04EC0-301F-11D3-BF4B-00C04F79EFBC}") = "Exemplo1", "Exemplo1\Exemplo1.csproj", "{FB3C303D-677F-4925-B773-F3729B43BD76}"
EndProject
Project("{2150E333-8FDC-42A3-9474-1A3956D46DE8}") = "Exemplos", "Exemplos", "{128E852D-0CB7-4986-9D09-BFD0FB959934}"
EndProject
Project("{2150E333-8FDC-42A3-9474-1A3956D46DE8}") = "Anotações", "Anotações", "{4833129B-B646-47C6-B6EC-2B58ECE24445}"
	ProjectSection(SolutionItems) = preProject
		Note0223.txt = Note0223.txt
	EndProjectSection
EndProject
Project("{FAE04EC0-301F-11D3-BF4B-00C04F79EFBC}") = "CarArray", "CarArray\CarArray.csproj", "{B8E35E8A-EB02-4894-98DC-9D825F019ACC}"
EndProject
Global
	GlobalSection(SolutionConfigurationPlatforms) = preSolution
		Debug|Any CPU = Debug|Any CPU
		Release|Any CPU = Release|Any CPU
	EndGlobalSection
	GlobalSection(ProjectConfigurationPlatforms) = postSolution
		{FB3C303D-677F-4925-B773-F3729B43BD76}.Debug|Any CPU.ActiveCfg = Debug|Any CPU
		{FB3C303D-677F-4925-B773-F3729B43BD76}.Debug|Any CPU.Build.0 = Debug|Any CPU
		{FB3C303D-677F-4925-B773-F3729B43BD76}.Release|Any CPU.ActiveCfg = Release|Any CPU
		{FB3C303D-677F-4925-B773-F3729B43BD76}.Release|Any CPU.Build.0 = Release|Any CPU
		{B8E35E8A-EB02-4894-98DC-9D825F019ACC}.Debug|Any CPU.ActiveCfg = Debug|Any CPU
		{B8E35E8A-EB02-4894-98DC-9D825F019ACC}.Debug|Any CPU.Build.0 = Debug|Any CPU
		{B8E35E8A-EB02-4894-98DC-9D825F019ACC}.Release|Any CPU.ActiveCfg = Release|Any CPU
		{B8E35E8A-EB02-4894-98DC-9D825F019ACC}.Release|Any CPU.Build.0 = Release|Any CPU
	EndGlobalSection
	GlobalSection(SolutionProperties) = preSolution
		HideSolutionNode = FALSE
	EndGlobalSection
	GlobalSection(NestedProjects) = preSolution
		{FB3C303D-677F-4925-B773-F3729B43BD76} = {128E852D-0CB7-4986-9D09-BFD0FB959934}
	EndGlobalSection
	GlobalSection(ExtensibilityGlobals) = postSolution
		SolutionGuid = {521E02F5-D2D3-4A6C-A452-AE384DEF7F23}
	EndGlobalSection
EndGlobal
